PODS:
  - DroidTimeSelection (2.0.0)

DEPENDENCIES:
  - DroidTimeSelection (from `../`)

EXTERNAL SOURCES:
  DroidTimeSelection:
    :path: "../"

SPEC CHECKSUMS:
  DroidTimeSelection: 78f95cb47659589515aeb658e5ac19cd7e57c33d

PODFILE CHECKSUM: 92d7fc89d63a96f45746320b3bc6661b6059c2d3

COCOAPODS: 1.10.0
